
Microsoft Visual Studio Solution File, Format Version 12.00
# Visual Studio 15
VisualStudioVersion = 15.0.27703.2026
MinimumVisualStudioVersion = 10.0.40219.1
Project("{FAE04EC0-301F-11D3-BF4B-00C04F79EFBC}") = "WebApp", "WebApp\WebApp.csproj", "{927E932D-5500-4904-B4BA-94F1C96089BE}"
EndProject
Project("{FAE04EC0-301F-11D3-BF4B-00C04F79EFBC}") = "GroceryStore", "GroceryStore\GroceryStore.csproj", "{256849F7-E473-47F4-985E-6F3BF8737D95}"
EndProject
Global
	GlobalSection(SolutionConfigurationPlatforms) = preSolution
		Debug|Any CPU = Debug|Any CPU
		Release|Any CPU = Release|Any CPU
	EndGlobalSection
	GlobalSection(ProjectConfigurationPlatforms) = postSolution
		{927E932D-5500-4904-B4BA-94F1C96089BE}.Debug|Any CPU.ActiveCfg = Debug|Any CPU
		{927E932D-5500-4904-B4BA-94F1C96089BE}.Debug|Any CPU.Build.0 = Debug|Any CPU
		{927E932D-5500-4904-B4BA-94F1C96089BE}.Release|Any CPU.ActiveCfg = Release|Any CPU
		{927E932D-5500-4904-B4BA-94F1C96089BE}.Release|Any CPU.Build.0 = Release|Any CPU
		{256849F7-E473-47F4-985E-6F3BF8737D95}.Debug|Any CPU.ActiveCfg = Debug|Any CPU
		{256849F7-E473-47F4-985E-6F3BF8737D95}.Debug|Any CPU.Build.0 = Debug|Any CPU
		{256849F7-E473-47F4-985E-6F3BF8737D95}.Release|Any CPU.ActiveCfg = Release|Any CPU
		{256849F7-E473-47F4-985E-6F3BF8737D95}.Release|Any CPU.Build.0 = Release|Any CPU
	EndGlobalSection
	GlobalSection(SolutionProperties) = preSolution
		HideSolutionNode = FALSE
	EndGlobalSection
	GlobalSection(ExtensibilityGlobals) = postSolution
		SolutionGuid = {C8364BDF-F561-4210-8980-43FBB81EF6E6}
	EndGlobalSection
EndGlobal
